PODS:
  - Alamofire (4.6.0)
  - Differentiator (3.0.2)
  - IQKeyboardManagerSwift (5.0.7)
  - MJRefresh (3.1.15.3)
  - NSObject+Rx (4.2.0):
    - RxSwift (~> 4.0)
  - ObjectMapper (3.1.0)
  - RxAlamofire (4.0.0):
    - RxAlamofire/Core (= 4.0.0)
  - RxAlamofire/Core (4.0.0):
    - Alamofire (~> 4.5)
    - RxSwift (~> 4.0)
  - RxCocoa (4.1.2):
    - RxSwift (~> 4.0)
  - RxDataSources (3.0.2):
    - Differentiator (~> 3.0)
    - RxCocoa (~> 4.0)
    - RxSwift (~> 4.0)
  - RxSwift (4.1.2)
  - SnapKit (4.0.0)
  - SwiftyJSON (4.0.0)
  - Then (2.3.0)
  - TYCyclePagerView (1.1.0)
  - TYPagerController (2.1.2)

DEPENDENCIES:
  - Alamofire
  - IQKeyboardManagerSwift
  - MJRefresh
  - NSObject+Rx
  - ObjectMapper
  - RxAlamofire
  - RxCocoa
  - RxDataSources
  - RxSwift
  - SnapKit
  - SwiftyJSON
  - Then
  - TYCyclePagerView
  - TYPagerController

SPEC CHECKSUMS:
  Alamofire: f41a599bd63041760b26d393ec1069d9d7b917f4
  Differentiator: a87be69eba49ec4ab460c7671143ee3a9eececfd
  IQKeyboardManagerSwift: 30fb3a61de1af53a95e02b80fb54ed0a19d5ede5
  MJRefresh: b48380ae2b927b46c4ef000de9adb8dc748e1df7
  NSObject+Rx: cbbc05e3cb3ad446cdbced3e00e39c9efaf02925
  ObjectMapper: 20505058f54e5c3ca69e1d6de9897d152a5369a6
  RxAlamofire: 6ea579ac53bf14cb4bc7049a3866e5a769989b1d
  RxCocoa: d88ba0f1f6abf040011a9eb4b539324fc426843a
  RxDataSources: cb7c31e652a87ebb919da45f716bbb87b3765f6b
  RxSwift: e49536837d9901277638493ea537394d4b55f570
  SnapKit: a42d492c16e80209130a3379f73596c3454b7694
  SwiftyJSON: 070dabdcb1beb81b247c65ffa3a79dbbfb3b48aa
  Then: ee21c97b85ff6062b9b0080c9abb1eea46743345
  TYCyclePagerView: b70858c9b5d0e80e1e3129ff5ceb027eb0f76d44
  TYPagerController: 262556ecef99986d26ed77fb1288a198ed42f4af

PODFILE CHECKSUM: 7aa406227013c5fc98205f44062fb653973a3717

COCOAPODS: 1.4.0
