// !$*UTF8*$!
{
	archiveVersion = 1;
	classes = {
	};
	objectVersion = 48;
	objects = {

/* Begin PBXBuildFile section */
		0C3C31532044EEEA0083CC05 /* AppDelegate.swift in Sources */ = {isa = PBXBuildFile; fileRef = 0C3C31522044EEEA0083CC05 /* AppDelegate.swift */; };
		0C3C31552044EEEA0083CC05 /* ViewController.swift in Sources */ = {isa = PBXBuildFile; fileRef = 0C3C31542044EEEA0083CC05 /* ViewController.swift */; };
		0C3C31582044EEEA0083CC05 /* Main.storyboard in Resources */ = {isa = PBXBuildFile; fileRef = 0C3C31562044EEEA0083CC05 /* Main.storyboard */; };
		0C3C315A2044EEEA0083CC05 /* Assets.xcassets in Resources */ = {isa = PBXBuildFile; fileRef = 0C3C31592044EEEA0083CC05 /* Assets.xcassets */; };
		0C3C315D2044EEEA0083CC05 /* LaunchScreen.storyboard in Resources */ = {isa = PBXBuildFile; fileRef = 0C3C315B2044EEEA0083CC05 /* LaunchScreen.storyboard */; };
/* End PBXBuildFile section */

/* Begin PBXFileReference section */
		0C3C314F2044EEEA0083CC05 /* Odin.app */ = {isa = PBXFileReference; explicitFileType = wrapper.application; includeInIndex = 0; path = Odin.app; sourceTree = BUILT_PRODUCTS_DIR; };
		0C3C31522044EEEA0083CC05 /* AppDelegate.swift */ = {isa = PBXFileReference; lastKnownFileType = sourcecode.swift; path = AppDelegate.swift; sourceTree = "<group>"; };
		0C3C31542044EEEA0083CC05 /* ViewController.swift */ = {isa = PBXFileReference; lastKnownFileType = sourcecode.swift; path = ViewController.swift; sourceTree = "<group>"; };
		0C3C31572044EEEA0083CC05 /* Base */ = {isa = PBXFileReference; lastKnownFileType = file.storyboard; name = Base; path = Base.lproj/Main.storyboard; sourceTree = "<group>"; };
		0C3C31592044EEEA0083CC05 /* Assets.xcassets */ = {isa = PBXFileReference; lastKnownFileType = folder.assetcatalog; path = Assets.xcassets; sourceTree = "<group>"; };
		0C3C315C2044EEEA0083CC05 /* Base */ = {isa = PBXFileReference; lastKnownFileType = file.storyboard; name = Base; path = Base.lproj/LaunchScreen.storyboard; sourceTree = "<group>"; };
		0C3C315E2044EEEA0083CC05 /* Info.plist */ = {isa = PBXFileReference; lastKnownFileType = text.plist.xml; path = Info.plist; sourceTree = "<group>"; };
/* End PBXFileReference section */

/* Begin PBXFrameworksBuildPhase section */
		0C3C314C2044EEEA0083CC05 /* Frameworks */ = {
			isa = PBXFrameworksBuildPhase;
			buildActionMask = 2147483647;
			files = (
			);
			runOnlyForDeploymentPostprocessing = 0;
		};
/* End PBXFrameworksBuildPhase section */

/* Begin PBXGroup section */
		0C3C31462044EEEA0083CC05 = {
			isa = PBXGroup;
			children = (
				0C3C31512044EEEA0083CC05 /* Odin */,
				0C3C31502044EEEA0083CC05 /* Products */,
			);
			sourceTree = "<group>";
		};
		0C3C31502044EEEA0083CC05 /* Products */ = {
			isa = PBXGroup;
			children = (
				0C3C314F2044EEEA0083CC05 /* Odin.app */,
			);
			name = Products;
			sourceTree = "<group>";
		};
		0C3C31512044EEEA0083CC05 /* Odin */ = {
			isa = PBXGroup;
			children = (
				0C3C31522044EEEA0083CC05 /* AppDelegate.swift */,
				0C3C31542044EEEA0083CC05 /* ViewController.swift */,
				0C3C31562044EEEA0083CC05 /* Main.storyboard */,
				0C3C31592044EEEA0083CC05 /* Assets.xcassets */,
				0C3C315B2044EEEA0083CC05 /* LaunchScreen.storyboard */,
				0C3C315E2044EEEA0083CC05 /* Info.plist */,
			);
			path = Odin;
			sourceTree = "<group>";
		};
/* End PBXGroup section */

/* Begin PBXNativeTarget section */
		0C3C314E2044EEEA0083CC05 /* Odin */ = {
			isa = PBXNativeTarget;
			buildConfigurationList = 0C3C31612044EEEA0083CC05 /* Build configuration list for PBXNativeTarget "Odin" */;
			buildPhases = (
				0C3C314B2044EEEA0083CC05 /* Sources */,
				0C3C314C2044EEEA0083CC05 /* Frameworks */,
				0C3C314D2044EEEA0083CC05 /* Resources */,
			);
			buildRules = (
			);
			dependencies = (
			);
			name = Odin;
			productName = Odin;
			productReference = 0C3C314F2044EEEA0083CC05 /* Odin.app */;
			productType = "com.apple.product-type.application";
		};
/* End PBXNativeTarget section */

/* Begin PBXProject section */
		0C3C31472044EEEA0083CC05 /* Project object */ = {
			isa = PBXProject;
			attributes = {
				LastSwiftUpdateCheck = 0920;
				LastUpgradeCheck = 0920;
				ORGANIZATIONNAME = Sloan;
				TargetAttributes = {
					0C3C314E2044EEEA0083CC05 = {
						CreatedOnToolsVersion = 9.2;
						ProvisioningStyle = Automatic;
					};
				};
			};
			buildConfigurationList = 0C3C314A2044EEEA0083CC05 /* Build configuration list for PBXProject "Odin" */;
			compatibilityVersion = "Xcode 8.0";
			developmentRegion = en;
			hasScannedForEncodings = 0;
			knownRegions = (
				en,
				Base,
			);
			mainGroup = 0C3C31462044EEEA0083CC05;
			productRefGroup = 0C3C31502044EEEA0083CC05 /* Products */;
			projectDirPath = "";
			projectRoot = "";
			targets = (
				0C3C314E2044EEEA0083CC05 /* Odin */,
			);
		};
/* End PBXProject section */

/* Begin PBXResourcesBuildPhase section */
		0C3C314D2044EEEA0083CC05 /* Resources */ = {
			isa = PBXResourcesBuildPhase;
			buildActionMask = 2147483647;
			files = (
				0C3C315D2044EEEA0083CC05 /* LaunchScreen.storyboard in Resources */,
				0C3C315A2044EEEA0083CC05 /* Assets.xcassets in Resources */,
				0C3C31582044EEEA0083CC05 /* Main.storyboard in Resources */,
			);
			runOnlyForDeploymentPostprocessing = 0;
		};
/* End PBXResourcesBuildPhase section */

/* Begin PBXSourcesBuildPhase section */
		0C3C314B2044EEEA0083CC05 /* Sources */ = {
			isa = PBXSourcesBuildPhase;
			buildActionMask = 2147483647;
			files = (
				0C3C31552044EEEA0083CC05 /* ViewController.swift in Sources */,
				0C3C31532044EEEA0083CC05 /* AppDelegate.swift in Sources */,
			);
			runOnlyForDeploymentPostprocessing = 0;
		};
/* End PBXSourcesBuildPhase section */

/* Begin PBXVariantGroup section */
		0C3C31562044EEEA0083CC05 /* Main.storyboard */ = {
			isa = PBXVariantGroup;
			children = (
				0C3C31572044EEEA0083CC05 /* Base */,
			);
			name = Main.storyboard;
			sourceTree = "<group>";
		};
		0C3C315B2044EEEA0083CC05 /* LaunchScreen.storyboard */ = {
			isa = PBXVariantGroup;
			children = (
				0C3C315C2044EEEA0083CC05 /* Base */,
			);
			name = LaunchScreen.storyboard;
			sourceTree = "<group>";
		};
/* End PBXVariantGroup section */

/* Begin XCBuildConfiguration section */
		0C3C315F2044EEEA0083CC05 /* Debug */ = {
			isa = XCBuildConfiguration;
			buildSettings = {
				ALWAYS_SEARCH_USER_PATHS = NO;
				CLANG_ANALYZER_NONNULL = YES;
				CLANG_ANALYZER_NUMBER_OBJECT_CONVERSION = YES_AGGRESSIVE;
				CLANG_CXX_LANGUAGE_STANDARD = "gnu++14";
				CLANG_CXX_LIBRARY = "libc++";
				CLANG_ENABLE_MODULES = YES;
				CLANG_ENABLE_OBJC_ARC = YES;
				CLANG_WARN_BLOCK_CAPTURE_AUTORELEASING = YES;
				CLANG_WARN_BOOL_CONVERSION = YES;
				CLANG_WARN_COMMA = YES;
				CLANG_WARN_CONSTANT_CONVERSION = YES;
				CLANG_WARN_DIRECT_OBJC_ISA_USAGE = YES_ERROR;
				CLANG_WARN_DOCUMENTATION_COMMENTS = YES;
				CLANG_WARN_EMPTY_BODY = YES;
				CLANG_WARN_ENUM_CONVERSION = YES;
				CLANG_WARN_INFINITE_RECURSION = YES;
				CLANG_WARN_INT_CONVERSION = YES;
				CLANG_WARN_NON_LITERAL_NULL_CONVERSION = YES;
				CLANG_WARN_OBJC_LITERAL_CONVERSION = YES;
				CLANG_WARN_OBJC_ROOT_CLASS = YES_ERROR;
				CLANG_WARN_RANGE_LOOP_ANALYSIS = YES;
				CLANG_WARN_STRICT_PROTOTYPES = YES;
				CLANG_WARN_SUSPICIOUS_MOVE = YES;
				CLANG_WARN_UNGUARDED_AVAILABILITY = YES_AGGRESSIVE;
				CLANG_WARN_UNREACHABLE_CODE = YES;
				CLANG_WARN__DUPLICATE_METHOD_MATCH = YES;
				CODE_SIGN_IDENTITY = "iPhone Developer";
				COPY_PHASE_STRIP = NO;
				DEBUG_INFORMATION_FORMAT = dwarf;
				ENABLE_STRICT_OBJC_MSGSEND = YES;
				ENABLE_TESTABILITY = YES;
				GCC_C_LANGUAGE_STANDARD = gnu11;
				GCC_DYNAMIC_NO_PIC = NO;
				GCC_NO_COMMON_BLOCKS = YES;
				GCC_OPTIMIZATION_LEVEL = 0;
				GCC_PREPROCESSOR_DEFINITIONS = (
					"DEBUG=1",
					"$(inherited)",
				);
				GCC_WARN_64_TO_32_BIT_CONVERSION = YES;
				GCC_WARN_ABOUT_RETURN_TYPE = YES_ERROR;
				GCC_WARN_UNDECLARED_SELECTOR = YES;
				GCC_WARN_UNINITIALIZED_AUTOS = YES_AGGRESSIVE;
				GCC_WARN_UNUSED_FUNCTION = YES;
				GCC_WARN_UNUSED_VARIABLE = YES;
				IPHONEOS_DEPLOYMENT_TARGET = 11.2;
				MTL_ENABLE_DEBUG_INFO = YES;
				ONLY_ACTIVE_ARCH = YES;
				SDKROOT = iphoneos;
				SWIFT_ACTIVE_COMPILATION_CONDITIONS = DEBUG;
				SWIFT_OPTIMIZATION_LEVEL = "-Onone";
			};
			name = Debug;
		};
		0C3C31602044EEEA0083CC05 /* Release */ = {
			isa = XCBuildConfiguration;
			buildSettings = {
				ALWAYS_SEARCH_USER_PATHS = NO;
				CLANG_ANALYZER_NONNULL = YES;
				CLANG_ANALYZER_NUMBER_OBJECT_CONVERSION = YES_AGGRESSIVE;
				CLANG_CXX_LANGUAGE_STANDARD = "gnu++14";
				CLANG_CXX_LIBRARY = "libc++";
				CLANG_ENABLE_MODULES = YES;
				CLANG_ENABLE_OBJC_ARC = YES;
				CLANG_WARN_BLOCK_CAPTURE_AUTORELEASING = YES;
				CLANG_WARN_BOOL_CONVERSION = YES;
				CLANG_WARN_COMMA = YES;
				CLANG_WARN_CONSTANT_CONVERSION = YES;
				CLANG_WARN_DIRECT_OBJC_ISA_USAGE = YES_ERROR;
				CLANG_WARN_DOCUMENTATION_COMMENTS = YES;
				CLANG_WARN_EMPTY_BODY = YES;
				CLANG_WARN_ENUM_CONVERSION = YES;
				CLANG_WARN_INFINITE_RECURSION = YES;
				CLANG_WARN_INT_CONVERSION = YES;
				CLANG_WARN_NON_LITERAL_NULL_CONVERSION = YES;
				CLANG_WARN_OBJC_LITERAL_CONVERSION = YES;
				CLANG_WARN_OBJC_ROOT_CLASS = YES_ERROR;
				CLANG_WARN_RANGE_LOOP_ANALYSIS = YES;
				CLANG_WARN_STRICT_PROTOTYPES = YES;
				CLANG_WARN_SUSPICIOUS_MOVE = YES;
				CLANG_WARN_UNGUARDED_AVAILABILITY = YES_AGGRESSIVE;
				CLANG_WARN_UNREACHABLE_CODE = YES;
				CLANG_WARN__DUPLICATE_METHOD_MATCH = YES;
				CODE_SIGN_IDENTITY = "iPhone Developer";
				COPY_PHASE_STRIP = NO;
				DEBUG_INFORMATION_FORMAT = "dwarf-with-dsym";
				ENABLE_NS_ASSERTIONS = NO;
				ENABLE_STRICT_OBJC_MSGSEND = YES;
				GCC_C_LANGUAGE_STANDARD = gnu11;
				GCC_NO_COMMON_BLOCKS = YES;
				GCC_WARN_64_TO_32_BIT_CONVERSION = YES;
				GCC_WARN_ABOUT_RETURN_TYPE = YES_ERROR;
				GCC_WARN_UNDECLARED_SELECTOR = YES;
				GCC_WARN_UNINITIALIZED_AUTOS = YES_AGGRESSIVE;
				GCC_WARN_UNUSED_FUNCTION = YES;
				GCC_WARN_UNUSED_VARIABLE = YES;
				IPHONEOS_DEPLOYMENT_TARGET = 11.2;
				MTL_ENABLE_DEBUG_INFO = NO;
				SDKROOT = iphoneos;
				SWIFT_OPTIMIZATION_LEVEL = "-Owholemodule";
				VALIDATE_PRODUCT = YES;
			};
			name = Release;
		};
		0C3C31622044EEEA0083CC05 /* Debug */ = {
			isa = XCBuildConfiguration;
			buildSettings = {
				ASSETCATALOG_COMPILER_APPICON_NAME = AppIcon;
				CODE_SIGN_STYLE = Automatic;
				DEVELOPMENT_TEAM = ZMNJ5WHY3L;
				INFOPLIST_FILE = Odin/Info.plist;
				LD_RUNPATH_SEARCH_PATHS = "$(inherited) @executable_path/Frameworks";
				PRODUCT_BUNDLE_IDENTIFIER = "Magic-Beans.Odin";
				PRODUCT_NAME = "$(TARGET_NAME)";
				SWIFT_VERSION = 4.0;
				TARGETED_DEVICE_FAMILY = "1,2";
			};
			name = Debug;
		};
		0C3C31632044EEEA0083CC05 /* Release */ = {
			isa = XCBuildConfiguration;
			buildSettings = {
				ASSETCATALOG_COMPILER_APPICON_NAME = AppIcon;
				CODE_SIGN_STYLE = Automatic;
				DEVELOPMENT_TEAM = ZMNJ5WHY3L;
				INFOPLIST_FILE = Odin/Info.plist;
				LD_RUNPATH_SEARCH_PATHS = "$(inherited) @executable_path/Frameworks";
				PRODUCT_BUNDLE_IDENTIFIER = "Magic-Beans.Odin";
				PRODUCT_NAME = "$(TARGET_NAME)";
				SWIFT_VERSION = 4.0;
				TARGETED_DEVICE_FAMILY = "1,2";
			};
			name = Release;
		};
/* End XCBuildConfiguration section */

/* Begin XCConfigurationList section */
		0C3C314A2044EEEA0083CC05 /* Build configuration list for PBXProject "Odin" */ = {
			isa = XCConfigurationList;
			buildConfigurations = (
				0C3C315F2044EEEA0083CC05 /* Debug */,
				0C3C31602044EEEA0083CC05 /* Release */,
			);
			defaultConfigurationIsVisible = 0;
			defaultConfigurationName = Release;
		};
		0C3C31612044EEEA0083CC05 /* Build configuration list for PBXNativeTarget "Odin" */ = {
			isa = XCConfigurationList;
			buildConfigurations = (
				0C3C31622044EEEA0083CC05 /* Debug */,
				0C3C31632044EEEA0083CC05 /* Release */,
			);
			defaultConfigurationIsVisible = 0;
			defaultConfigurationName = Release;
		};
/* End XCConfigurationList section */
	};
	rootObject = 0C3C31472044EEEA0083CC05 /* Project object */;
}
